// !$*UTF8*$!
{
	archiveVersion = 1;
	classes = {
	};
	objectVersion = 56;
	objects = {

/* Begin PBXBuildFile section */
		2415227E2B0F4CA2007A2419 /* AppDelegate.swift in Sources */ = {isa = PBXBuildFile; fileRef = 2415227D2B0F4CA2007A2419 /* AppDelegate.swift */; };
		241522802B0F4CA2007A2419 /* SceneDelegate.swift in Sources */ = {isa = PBXBuildFile; fileRef = 2415227F2B0F4CA2007A2419 /* SceneDelegate.swift */; };
		241522822B0F4CA2007A2419 /* ViewController.swift in Sources */ = {isa = PBXBuildFile; fileRef = 241522812B0F4CA2007A2419 /* ViewController.swift */; };
		241522852B0F4CA2007A2419 /* Main.storyboard in Resources */ = {isa = PBXBuildFile; fileRef = 241522832B0F4CA2007A2419 /* Main.storyboard */; };
		241522872B0F4CA2007A2419 /* Assets.xcassets in Resources */ = {isa = PBXBuildFile; fileRef = 241522862B0F4CA2007A2419 /* Assets.xcassets */; };
		2415228A2B0F4CA2007A2419 /* LaunchScreen.storyboard in Resources */ = {isa = PBXBuildFile; fileRef = 241522882B0F4CA2007A2419 /* LaunchScreen.storyboard */; };
		241522952B0F4CA3007A2419 /* Lab3_TraverseArrayTests.swift in Sources */ = {isa = PBXBuildFile; fileRef = 241522942B0F4CA3007A2419 /* Lab3_TraverseArrayTests.swift */; };
		2415229F2B0F4CA3007A2419 /* Lab3_TraverseArrayUITests.swift in Sources */ = {isa = PBXBuildFile; fileRef = 2415229E2B0F4CA3007A2419 /* Lab3_TraverseArrayUITests.swift */; };
		241522A12B0F4CA3007A2419 /* Lab3_TraverseArrayUITestsLaunchTests.swift in Sources */ = {isa = PBXBuildFile; fileRef = 241522A02B0F4CA3007A2419 /* Lab3_TraverseArrayUITestsLaunchTests.swift */; };
/* End PBXBuildFile section */

/* Begin PBXContainerItemProxy section */
		241522912B0F4CA2007A2419 /* PBXContainerItemProxy */ = {
			isa = PBXContainerItemProxy;
			containerPortal = 241522722B0F4CA2007A2419 /* Project object */;
			proxyType = 1;
			remoteGlobalIDString = 241522792B0F4CA2007A2419;
			remoteInfo = "Lab3 TraverseArray";
		};
		2415229B2B0F4CA3007A2419 /* PBXContainerItemProxy */ = {
			isa = PBXContainerItemProxy;
			containerPortal = 241522722B0F4CA2007A2419 /* Project object */;
			proxyType = 1;
			remoteGlobalIDString = 241522792B0F4CA2007A2419;
			remoteInfo = "Lab3 TraverseArray";
		};
/* End PBXContainerItemProxy section */

/* Begin PBXFileReference section */
		2415227A2B0F4CA2007A2419 /* Lab3 TraverseArray.app */ = {isa = PBXFileReference; explicitFileType = wrapper.application; includeInIndex = 0; path = "Lab3 TraverseArray.app"; sourceTree = BUILT_PRODUCTS_DIR; };
		2415227D2B0F4CA2007A2419 /* AppDelegate.swift */ = {isa = PBXFileReference; lastKnownFileType = sourcecode.swift; path = AppDelegate.swift; sourceTree = "<group>"; };
		2415227F2B0F4CA2007A2419 /* SceneDelegate.swift */ = {isa = PBXFileReference; lastKnownFileType = sourcecode.swift; path = SceneDelegate.swift; sourceTree = "<group>"; };
		241522812B0F4CA2007A2419 /* ViewController.swift */ = {isa = PBXFileReference; lastKnownFileType = sourcecode.swift; path = ViewController.swift; sourceTree = "<group>"; };
		241522842B0F4CA2007A2419 /* Base */ = {isa = PBXFileReference; lastKnownFileType = file.storyboard; name = Base; path = Base.lproj/Main.storyboard; sourceTree = "<group>"; };
		241522862B0F4CA2007A2419 /* Assets.xcassets */ = {isa = PBXFileReference; lastKnownFileType = folder.assetcatalog; path = Assets.xcassets; sourceTree = "<group>"; };
		241522892B0F4CA2007A2419 /* Base */ = {isa = PBXFileReference; lastKnownFileType = file.storyboard; name = Base; path = Base.lproj/LaunchScreen.storyboard; sourceTree = "<group>"; };
		2415228B2B0F4CA2007A2419 /* Info.plist */ = {isa = PBXFileReference; lastKnownFileType = text.plist.xml; path = Info.plist; sourceTree = "<group>"; };
		241522902B0F4CA2007A2419 /* Lab3 TraverseArrayTests.xctest */ = {isa = PBXFileReference; explicitFileType = wrapper.cfbundle; includeInIndex = 0; path = "Lab3 TraverseArrayTests.xctest"; sourceTree = BUILT_PRODUCTS_DIR; };
		241522942B0F4CA3007A2419 /* Lab3_TraverseArrayTests.swift */ = {isa = PBXFileReference; lastKnownFileType = sourcecode.swift; path = Lab3_TraverseArrayTests.swift; sourceTree = "<group>"; };
		2415229A2B0F4CA3007A2419 /* Lab3 TraverseArrayUITests.xctest */ = {isa = PBXFileReference; explicitFileType = wrapper.cfbundle; includeInIndex = 0; path = "Lab3 TraverseArrayUITests.xctest"; sourceTree = BUILT_PRODUCTS_DIR; };
		2415229E2B0F4CA3007A2419 /* Lab3_TraverseArrayUITests.swift */ = {isa = PBXFileReference; lastKnownFileType = sourcecode.swift; path = Lab3_TraverseArrayUITests.swift; sourceTree = "<group>"; };
		241522A02B0F4CA3007A2419 /* Lab3_TraverseArrayUITestsLaunchTests.swift */ = {isa = PBXFileReference; lastKnownFileType = sourcecode.swift; path = Lab3_TraverseArrayUITestsLaunchTests.swift; sourceTree = "<group>"; };
/* End PBXFileReference section */

/* Begin PBXFrameworksBuildPhase section */
		241522772B0F4CA2007A2419 /* Frameworks */ = {
			isa = PBXFrameworksBuildPhase;
			buildActionMask = 2147483647;
			files = (
			);
			runOnlyForDeploymentPostprocessing = 0;
		};
		2415228D2B0F4CA2007A2419 /* Frameworks */ = {
			isa = PBXFrameworksBuildPhase;
			buildActionMask = 2147483647;
			files = (
			);
			runOnlyForDeploymentPostprocessing = 0;
		};
		241522972B0F4CA3007A2419 /* Frameworks */ = {
			isa = PBXFrameworksBuildPhase;
			buildActionMask = 2147483647;
			files = (
			);
			runOnlyForDeploymentPostprocessing = 0;
		};
/* End PBXFrameworksBuildPhase section */

/* Begin PBXGroup section */
		241522712B0F4CA2007A2419 = {
			isa = PBXGroup;
			children = (
				2415227C2B0F4CA2007A2419 /* Lab3 TraverseArray */,
				241522932B0F4CA3007A2419 /* Lab3 TraverseArrayTests */,
				2415229D2B0F4CA3007A2419 /* Lab3 TraverseArrayUITests */,
				2415227B2B0F4CA2007A2419 /* Products */,
			);
			sourceTree = "<group>";
		};
		2415227B2B0F4CA2007A2419 /* Products */ = {
			isa = PBXGroup;
			children = (
				2415227A2B0F4CA2007A2419 /* Lab3 TraverseArray.app */,
				241522902B0F4CA2007A2419 /* Lab3 TraverseArrayTests.xctest */,
				2415229A2B0F4CA3007A2419 /* Lab3 TraverseArrayUITests.xctest */,
			);
			name = Products;
			sourceTree = "<group>";
		};
		2415227C2B0F4CA2007A2419 /* Lab3 TraverseArray */ = {
			isa = PBXGroup;
			children = (
				2415227D2B0F4CA2007A2419 /* AppDelegate.swift */,
				2415227F2B0F4CA2007A2419 /* SceneDelegate.swift */,
				241522812B0F4CA2007A2419 /* ViewController.swift */,
				241522832B0F4CA2007A2419 /* Main.storyboard */,
				241522862B0F4CA2007A2419 /* Assets.xcassets */,
				241522882B0F4CA2007A2419 /* LaunchScreen.storyboard */,
				2415228B2B0F4CA2007A2419 /* Info.plist */,
			);
			path = "Lab3 TraverseArray";
			sourceTree = "<group>";
		};
		241522932B0F4CA3007A2419 /* Lab3 TraverseArrayTests */ = {
			isa = PBXGroup;
			children = (
				241522942B0F4CA3007A2419 /* Lab3_TraverseArrayTests.swift */,
			);
			path = "Lab3 TraverseArrayTests";
			sourceTree = "<group>";
		};
		2415229D2B0F4CA3007A2419 /* Lab3 TraverseArrayUITests */ = {
			isa = PBXGroup;
			children = (
				2415229E2B0F4CA3007A2419 /* Lab3_TraverseArrayUITests.swift */,
				241522A02B0F4CA3007A2419 /* Lab3_TraverseArrayUITestsLaunchTests.swift */,
			);
			path = "Lab3 TraverseArrayUITests";
			sourceTree = "<group>";
		};
/* End PBXGroup section */

/* Begin PBXNativeTarget section */
		241522792B0F4CA2007A2419 /* Lab3 TraverseArray */ = {
			isa = PBXNativeTarget;
			buildConfigurationList = 241522A42B0F4CA3007A2419 /* Build configuration list for PBXNativeTarget "Lab3 TraverseArray" */;
			buildPhases = (
				241522762B0F4CA2007A2419 /* Sources */,
				241522772B0F4CA2007A2419 /* Frameworks */,
				241522782B0F4CA2007A2419 /* Resources */,
			);
			buildRules = (
			);
			dependencies = (
			);
			name = "Lab3 TraverseArray";
			productName = "Lab3 TraverseArray";
			productReference = 2415227A2B0F4CA2007A2419 /* Lab3 TraverseArray.app */;
			productType = "com.apple.product-type.application";
		};
		2415228F2B0F4CA2007A2419 /* Lab3 TraverseArrayTests */ = {
			isa = PBXNativeTarget;
			buildConfigurationList = 241522A72B0F4CA3007A2419 /* Build configuration list for PBXNativeTarget "Lab3 TraverseArrayTests" */;
			buildPhases = (
				2415228C2B0F4CA2007A2419 /* Sources */,
				2415228D2B0F4CA2007A2419 /* Frameworks */,
				2415228E2B0F4CA2007A2419 /* Resources */,
			);
			buildRules = (
			);
			dependencies = (
				241522922B0F4CA2007A2419 /* PBXTargetDependency */,
			);
			name = "Lab3 TraverseArrayTests";
			productName = "Lab3 TraverseArrayTests";
			productReference = 241522902B0F4CA2007A2419 /* Lab3 TraverseArrayTests.xctest */;
			productType = "com.apple.product-type.bundle.unit-test";
		};
		241522992B0F4CA3007A2419 /* Lab3 TraverseArrayUITests */ = {
			isa = PBXNativeTarget;
			buildConfigurationList = 241522AA2B0F4CA3007A2419 /* Build configuration list for PBXNativeTarget "Lab3 TraverseArrayUITests" */;
			buildPhases = (
				241522962B0F4CA3007A2419 /* Sources */,
				241522972B0F4CA3007A2419 /* Frameworks */,
				241522982B0F4CA3007A2419 /* Resources */,
			);
			buildRules = (
			);
			dependencies = (
				2415229C2B0F4CA3007A2419 /* PBXTargetDependency */,
			);
			name = "Lab3 TraverseArrayUITests";
			productName = "Lab3 TraverseArrayUITests";
			productReference = 2415229A2B0F4CA3007A2419 /* Lab3 TraverseArrayUITests.xctest */;
			productType = "com.apple.product-type.bundle.ui-testing";
		};
/* End PBXNativeTarget section */

/* Begin PBXProject section */
		241522722B0F4CA2007A2419 /* Project object */ = {
			isa = PBXProject;
			attributes = {
				BuildIndependentTargetsInParallel = 1;
				LastSwiftUpdateCheck = 1420;
				LastUpgradeCheck = 1420;
				TargetAttributes = {
					241522792B0F4CA2007A2419 = {
						CreatedOnToolsVersion = 14.2;
					};
					2415228F2B0F4CA2007A2419 = {
						CreatedOnToolsVersion = 14.2;
						TestTargetID = 241522792B0F4CA2007A2419;
					};
					241522992B0F4CA3007A2419 = {
						CreatedOnToolsVersion = 14.2;
						TestTargetID = 241522792B0F4CA2007A2419;
					};
				};
			};
			buildConfigurationList = 241522752B0F4CA2007A2419 /* Build configuration list for PBXProject "Lab3 TraverseArray" */;
			compatibilityVersion = "Xcode 14.0";
			developmentRegion = en;
			hasScannedForEncodings = 0;
			knownRegions = (
				en,
				Base,
			);
			mainGroup = 241522712B0F4CA2007A2419;
			productRefGroup = 2415227B2B0F4CA2007A2419 /* Products */;
			projectDirPath = "";
			projectRoot = "";
			targets = (
				241522792B0F4CA2007A2419 /* Lab3 TraverseArray */,
				2415228F2B0F4CA2007A2419 /* Lab3 TraverseArrayTests */,
				241522992B0F4CA3007A2419 /* Lab3 TraverseArrayUITests */,
			);
		};
/* End PBXProject section */

/* Begin PBXResourcesBuildPhase section */
		241522782B0F4CA2007A2419 /* Resources */ = {
			isa = PBXResourcesBuildPhase;
			buildActionMask = 2147483647;
			files = (
				2415228A2B0F4CA2007A2419 /* LaunchScreen.storyboard in Resources */,
				241522872B0F4CA2007A2419 /* Assets.xcassets in Resources */,
				241522852B0F4CA2007A2419 /* Main.storyboard in Resources */,
			);
			runOnlyForDeploymentPostprocessing = 0;
		};
		2415228E2B0F4CA2007A2419 /* Resources */ = {
			isa = PBXResourcesBuildPhase;
			buildActionMask = 2147483647;
			files = (
			);
			runOnlyForDeploymentPostprocessing = 0;
		};
		241522982B0F4CA3007A2419 /* Resources */ = {
			isa = PBXResourcesBuildPhase;
			buildActionMask = 2147483647;
			files = (
			);
			runOnlyForDeploymentPostprocessing = 0;
		};
/* End PBXResourcesBuildPhase section */

/* Begin PBXSourcesBuildPhase section */
		241522762B0F4CA2007A2419 /* Sources */ = {
			isa = PBXSourcesBuildPhase;
			buildActionMask = 2147483647;
			files = (
				241522822B0F4CA2007A2419 /* ViewController.swift in Sources */,
				2415227E2B0F4CA2007A2419 /* AppDelegate.swift in Sources */,
				241522802B0F4CA2007A2419 /* SceneDelegate.swift in Sources */,
			);
			runOnlyForDeploymentPostprocessing = 0;
		};
		2415228C2B0F4CA2007A2419 /* Sources */ = {
			isa = PBXSourcesBuildPhase;
			buildActionMask = 2147483647;
			files = (
				241522952B0F4CA3007A2419 /* Lab3_TraverseArrayTests.swift in Sources */,
			);
			runOnlyForDeploymentPostprocessing = 0;
		};
		241522962B0F4CA3007A2419 /* Sources */ = {
			isa = PBXSourcesBuildPhase;
			buildActionMask = 2147483647;
			files = (
				241522A12B0F4CA3007A2419 /* Lab3_TraverseArrayUITestsLaunchTests.swift in Sources */,
				2415229F2B0F4CA3007A2419 /* Lab3_TraverseArrayUITests.swift in Sources */,
			);
			runOnlyForDeploymentPostprocessing = 0;
		};
/* End PBXSourcesBuildPhase section */

/* Begin PBXTargetDependency section */
		241522922B0F4CA2007A2419 /* PBXTargetDependency */ = {
			isa = PBXTargetDependency;
			target = 241522792B0F4CA2007A2419 /* Lab3 TraverseArray */;
			targetProxy = 241522912B0F4CA2007A2419 /* PBXContainerItemProxy */;
		};
		2415229C2B0F4CA3007A2419 /* PBXTargetDependency */ = {
			isa = PBXTargetDependency;
			target = 241522792B0F4CA2007A2419 /* Lab3 TraverseArray */;
			targetProxy = 2415229B2B0F4CA3007A2419 /* PBXContainerItemProxy */;
		};
/* End PBXTargetDependency section */

/* Begin PBXVariantGroup section */
		241522832B0F4CA2007A2419 /* Main.storyboard */ = {
			isa = PBXVariantGroup;
			children = (
				241522842B0F4CA2007A2419 /* Base */,
			);
			name = Main.storyboard;
			sourceTree = "<group>";
		};
		241522882B0F4CA2007A2419 /* LaunchScreen.storyboard */ = {
			isa = PBXVariantGroup;
			children = (
				241522892B0F4CA2007A2419 /* Base */,
			);
			name = LaunchScreen.storyboard;
			sourceTree = "<group>";
		};
/* End PBXVariantGroup section */

/* Begin XCBuildConfiguration section */
		241522A22B0F4CA3007A2419 /* Debug */ = {
			isa = XCBuildConfiguration;
			buildSettings = {
				ALWAYS_SEARCH_USER_PATHS = NO;
				CLANG_ANALYZER_NONNULL = YES;
				CLANG_ANALYZER_NUMBER_OBJECT_CONVERSION = YES_AGGRESSIVE;
				CLANG_CXX_LANGUAGE_STANDARD = "gnu++20";
				CLANG_ENABLE_MODULES = YES;
				CLANG_ENABLE_OBJC_ARC = YES;
				CLANG_ENABLE_OBJC_WEAK = YES;
				CLANG_WARN_BLOCK_CAPTURE_AUTORELEASING = YES;
				CLANG_WARN_BOOL_CONVERSION = YES;
				CLANG_WARN_COMMA = YES;
				CLANG_WARN_CONSTANT_CONVERSION = YES;
				CLANG_WARN_DEPRECATED_OBJC_IMPLEMENTATIONS = YES;
				CLANG_WARN_DIRECT_OBJC_ISA_USAGE = YES_ERROR;
				CLANG_WARN_DOCUMENTATION_COMMENTS = YES;
				CLANG_WARN_EMPTY_BODY = YES;
				CLANG_WARN_ENUM_CONVERSION = YES;
				CLANG_WARN_INFINITE_RECURSION = YES;
				CLANG_WARN_INT_CONVERSION = YES;
				CLANG_WARN_NON_LITERAL_NULL_CONVERSION = YES;
				CLANG_WARN_OBJC_IMPLICIT_RETAIN_SELF = YES;
				CLANG_WARN_OBJC_LITERAL_CONVERSION = YES;
				CLANG_WARN_OBJC_ROOT_CLASS = YES_ERROR;
				CLANG_WARN_QUOTED_INCLUDE_IN_FRAMEWORK_HEADER = YES;
				CLANG_WARN_RANGE_LOOP_ANALYSIS = YES;
				CLANG_WARN_STRICT_PROTOTYPES = YES;
				CLANG_WARN_SUSPICIOUS_MOVE = YES;
				CLANG_WARN_UNGUARDED_AVAILABILITY = YES_AGGRESSIVE;
				CLANG_WARN_UNREACHABLE_CODE = YES;
				CLANG_WARN__DUPLICATE_METHOD_MATCH = YES;
				COPY_PHASE_STRIP = NO;
				DEBUG_INFORMATION_FORMAT = dwarf;
				ENABLE_STRICT_OBJC_MSGSEND = YES;
				ENABLE_TESTABILITY = YES;
				GCC_C_LANGUAGE_STANDARD = gnu11;
				GCC_DYNAMIC_NO_PIC = NO;
				GCC_NO_COMMON_BLOCKS = YES;
				GCC_OPTIMIZATION_LEVEL = 0;
				GCC_PREPROCESSOR_DEFINITIONS = (
					"DEBUG=1",
					"$(inherited)",
				);
				GCC_WARN_64_TO_32_BIT_CONVERSION = YES;
				GCC_WARN_ABOUT_RETURN_TYPE = YES_ERROR;
				GCC_WARN_UNDECLARED_SELECTOR = YES;
				GCC_WARN_UNINITIALIZED_AUTOS = YES_AGGRESSIVE;
				GCC_WARN_UNUSED_FUNCTION = YES;
				GCC_WARN_UNUSED_VARIABLE = YES;
				IPHONEOS_DEPLOYMENT_TARGET = 16.2;
				MTL_ENABLE_DEBUG_INFO = INCLUDE_SOURCE;
				MTL_FAST_MATH = YES;
				ONLY_ACTIVE_ARCH = YES;
				SDKROOT = iphoneos;
				SWIFT_ACTIVE_COMPILATION_CONDITIONS = DEBUG;
				SWIFT_OPTIMIZATION_LEVEL = "-Onone";
			};
			name = Debug;
		};
		241522A32B0F4CA3007A2419 /* Release */ = {
			isa = XCBuildConfiguration;
			buildSettings = {
				ALWAYS_SEARCH_USER_PATHS = NO;
				CLANG_ANALYZER_NONNULL = YES;
				CLANG_ANALYZER_NUMBER_OBJECT_CONVERSION = YES_AGGRESSIVE;
				CLANG_CXX_LANGUAGE_STANDARD = "gnu++20";
				CLANG_ENABLE_MODULES = YES;
				CLANG_ENABLE_OBJC_ARC = YES;
				CLANG_ENABLE_OBJC_WEAK = YES;
				CLANG_WARN_BLOCK_CAPTURE_AUTORELEASING = YES;
				CLANG_WARN_BOOL_CONVERSION = YES;
				CLANG_WARN_COMMA = YES;
				CLANG_WARN_CONSTANT_CONVERSION = YES;
				CLANG_WARN_DEPRECATED_OBJC_IMPLEMENTATIONS = YES;
				CLANG_WARN_DIRECT_OBJC_ISA_USAGE = YES_ERROR;
				CLANG_WARN_DOCUMENTATION_COMMENTS = YES;
				CLANG_WARN_EMPTY_BODY = YES;
				CLANG_WARN_ENUM_CONVERSION = YES;
				CLANG_WARN_INFINITE_RECURSION = YES;
				CLANG_WARN_INT_CONVERSION = YES;
				CLANG_WARN_NON_LITERAL_NULL_CONVERSION = YES;
				CLANG_WARN_OBJC_IMPLICIT_RETAIN_SELF = YES;
				CLANG_WARN_OBJC_LITERAL_CONVERSION = YES;
				CLANG_WARN_OBJC_ROOT_CLASS = YES_ERROR;
				CLANG_WARN_QUOTED_INCLUDE_IN_FRAMEWORK_HEADER = YES;
				CLANG_WARN_RANGE_LOOP_ANALYSIS = YES;
				CLANG_WARN_STRICT_PROTOTYPES = YES;
				CLANG_WARN_SUSPICIOUS_MOVE = YES;
				CLANG_WARN_UNGUARDED_AVAILABILITY = YES_AGGRESSIVE;
				CLANG_WARN_UNREACHABLE_CODE = YES;
				CLANG_WARN__DUPLICATE_METHOD_MATCH = YES;
				COPY_PHASE_STRIP = NO;
				DEBUG_INFORMATION_FORMAT = "dwarf-with-dsym";
				ENABLE_NS_ASSERTIONS = NO;
				ENABLE_STRICT_OBJC_MSGSEND = YES;
				GCC_C_LANGUAGE_STANDARD = gnu11;
				GCC_NO_COMMON_BLOCKS = YES;
				GCC_WARN_64_TO_32_BIT_CONVERSION = YES;
				GCC_WARN_ABOUT_RETURN_TYPE = YES_ERROR;
				GCC_WARN_UNDECLARED_SELECTOR = YES;
				GCC_WARN_UNINITIALIZED_AUTOS = YES_AGGRESSIVE;
				GCC_WARN_UNUSED_FUNCTION = YES;
				GCC_WARN_UNUSED_VARIABLE = YES;
				IPHONEOS_DEPLOYMENT_TARGET = 16.2;
				MTL_ENABLE_DEBUG_INFO = NO;
				MTL_FAST_MATH = YES;
				SDKROOT = iphoneos;
				SWIFT_COMPILATION_MODE = wholemodule;
				SWIFT_OPTIMIZATION_LEVEL = "-O";
				VALIDATE_PRODUCT = YES;
			};
			name = Release;
		};
		241522A52B0F4CA3007A2419 /* Debug */ = {
			isa = XCBuildConfiguration;
			buildSettings = {
				ASSETCATALOG_COMPILER_APPICON_NAME = AppIcon;
				ASSETCATALOG_COMPILER_GLOBAL_ACCENT_COLOR_NAME = AccentColor;
				CODE_SIGN_STYLE = Automatic;
				CURRENT_PROJECT_VERSION = 1;
				DEVELOPMENT_TEAM = 8FQSC4Q456;
				GENERATE_INFOPLIST_FILE = YES;
				INFOPLIST_FILE = "Lab3 TraverseArray/Info.plist";
				INFOPLIST_KEY_UIApplicationSupportsIndirectInputEvents = YES;
				INFOPLIST_KEY_UILaunchStoryboardName = LaunchScreen;
				INFOPLIST_KEY_UIMainStoryboardFile = Main;
				INFOPLIST_KEY_UISupportedInterfaceOrientations_iPad = "UIInterfaceOrientationPortrait UIInterfaceOrientationPortraitUpsideDown UIInterfaceOrientationLandscapeLeft UIInterfaceOrientationLandscapeRight";
				INFOPLIST_KEY_UISupportedInterfaceOrientations_iPhone = "UIInterfaceOrientationPortrait UIInterfaceOrientationLandscapeLeft UIInterfaceOrientationLandscapeRight";
				LD_RUNPATH_SEARCH_PATHS = (
					"$(inherited)",
					"@executable_path/Frameworks",
				);
				MARKETING_VERSION = 1.0;
				PRODUCT_BUNDLE_IDENTIFIER = "codewithmanish.Lab3-TraverseArray";
				PRODUCT_NAME = "$(TARGET_NAME)";
				SWIFT_EMIT_LOC_STRINGS = YES;
				SWIFT_VERSION = 5.0;
				TARGETED_DEVICE_FAMILY = "1,2";
			};
			name = Debug;
		};
		241522A62B0F4CA3007A2419 /* Release */ = {
			isa = XCBuildConfiguration;
			buildSettings = {
				ASSETCATALOG_COMPILER_APPICON_NAME = AppIcon;
				ASSETCATALOG_COMPILER_GLOBAL_ACCENT_COLOR_NAME = AccentColor;
				CODE_SIGN_STYLE = Automatic;
				CURRENT_PROJECT_VERSION = 1;
				DEVELOPMENT_TEAM = 8FQSC4Q456;
				GENERATE_INFOPLIST_FILE = YES;
				INFOPLIST_FILE = "Lab3 TraverseArray/Info.plist";
				INFOPLIST_KEY_UIApplicationSupportsIndirectInputEvents = YES;
				INFOPLIST_KEY_UILaunchStoryboardName = LaunchScreen;
				INFOPLIST_KEY_UIMainStoryboardFile = Main;
				INFOPLIST_KEY_UISupportedInterfaceOrientations_iPad = "UIInterfaceOrientationPortrait UIInterfaceOrientationPortraitUpsideDown UIInterfaceOrientationLandscapeLeft UIInterfaceOrientationLandscapeRight";
				INFOPLIST_KEY_UISupportedInterfaceOrientations_iPhone = "UIInterfaceOrientationPortrait UIInterfaceOrientationLandscapeLeft UIInterfaceOrientationLandscapeRight";
				LD_RUNPATH_SEARCH_PATHS = (
					"$(inherited)",
					"@executable_path/Frameworks",
				);
				MARKETING_VERSION = 1.0;
				PRODUCT_BUNDLE_IDENTIFIER = "codewithmanish.Lab3-TraverseArray";
				PRODUCT_NAME = "$(TARGET_NAME)";
				SWIFT_EMIT_LOC_STRINGS = YES;
				SWIFT_VERSION = 5.0;
				TARGETED_DEVICE_FAMILY = "1,2";
			};
			name = Release;
		};
		241522A82B0F4CA3007A2419 /* Debug */ = {
			isa = XCBuildConfiguration;
			buildSettings = {
				ALWAYS_EMBED_SWIFT_STANDARD_LIBRARIES = YES;
				BUNDLE_LOADER = "$(TEST_HOST)";
				CODE_SIGN_STYLE = Automatic;
				CURRENT_PROJECT_VERSION = 1;
				DEVELOPMENT_TEAM = 8FQSC4Q456;
				GENERATE_INFOPLIST_FILE = YES;
				IPHONEOS_DEPLOYMENT_TARGET = 16.2;
				MARKETING_VERSION = 1.0;
				PRODUCT_BUNDLE_IDENTIFIER = "codewithmanish.Lab3-TraverseArrayTests";
				PRODUCT_NAME = "$(TARGET_NAME)";
				SWIFT_EMIT_LOC_STRINGS = NO;
				SWIFT_VERSION = 5.0;
				TARGETED_DEVICE_FAMILY = "1,2";
				TEST_HOST = "$(BUILT_PRODUCTS_DIR)/Lab3 TraverseArray.app/$(BUNDLE_EXECUTABLE_FOLDER_PATH)/Lab3 TraverseArray";
			};
			name = Debug;
		};
		241522A92B0F4CA3007A2419 /* Release */ = {
			isa = XCBuildConfiguration;
			buildSettings = {
				ALWAYS_EMBED_SWIFT_STANDARD_LIBRARIES = YES;
				BUNDLE_LOADER = "$(TEST_HOST)";
				CODE_SIGN_STYLE = Automatic;
				CURRENT_PROJECT_VERSION = 1;
				DEVELOPMENT_TEAM = 8FQSC4Q456;
				GENERATE_INFOPLIST_FILE = YES;
				IPHONEOS_DEPLOYMENT_TARGET = 16.2;
				MARKETING_VERSION = 1.0;
				PRODUCT_BUNDLE_IDENTIFIER = "codewithmanish.Lab3-TraverseArrayTests";
				PRODUCT_NAME = "$(TARGET_NAME)";
				SWIFT_EMIT_LOC_STRINGS = NO;
				SWIFT_VERSION = 5.0;
				TARGETED_DEVICE_FAMILY = "1,2";
				TEST_HOST = "$(BUILT_PRODUCTS_DIR)/Lab3 TraverseArray.app/$(BUNDLE_EXECUTABLE_FOLDER_PATH)/Lab3 TraverseArray";
			};
			name = Release;
		};
		241522AB2B0F4CA3007A2419 /* Debug */ = {
			isa = XCBuildConfiguration;
			buildSettings = {
				ALWAYS_EMBED_SWIFT_STANDARD_LIBRARIES = YES;
				CODE_SIGN_STYLE = Automatic;
				CURRENT_PROJECT_VERSION = 1;
				DEVELOPMENT_TEAM = 8FQSC4Q456;
				GENERATE_INFOPLIST_FILE = YES;
				MARKETING_VERSION = 1.0;
				PRODUCT_BUNDLE_IDENTIFIER = "codewithmanish.Lab3-TraverseArrayUITests";
				PRODUCT_NAME = "$(TARGET_NAME)";
				SWIFT_EMIT_LOC_STRINGS = NO;
				SWIFT_VERSION = 5.0;
				TARGETED_DEVICE_FAMILY = "1,2";
				TEST_TARGET_NAME = "Lab3 TraverseArray";
			};
			name = Debug;
		};
		241522AC2B0F4CA3007A2419 /* Release */ = {
			isa = XCBuildConfiguration;
			buildSettings = {
				ALWAYS_EMBED_SWIFT_STANDARD_LIBRARIES = YES;
				CODE_SIGN_STYLE = Automatic;
				CURRENT_PROJECT_VERSION = 1;
				DEVELOPMENT_TEAM = 8FQSC4Q456;
				GENERATE_INFOPLIST_FILE = YES;
				MARKETING_VERSION = 1.0;
				PRODUCT_BUNDLE_IDENTIFIER = "codewithmanish.Lab3-TraverseArrayUITests";
				PRODUCT_NAME = "$(TARGET_NAME)";
				SWIFT_EMIT_LOC_STRINGS = NO;
				SWIFT_VERSION = 5.0;
				TARGETED_DEVICE_FAMILY = "1,2";
				TEST_TARGET_NAME = "Lab3 TraverseArray";
			};
			name = Release;
		};
/* End XCBuildConfiguration section */

/* Begin XCConfigurationList section */
		241522752B0F4CA2007A2419 /* Build configuration list for PBXProject "Lab3 TraverseArray" */ = {
			isa = XCConfigurationList;
			buildConfigurations = (
				241522A22B0F4CA3007A2419 /* Debug */,
				241522A32B0F4CA3007A2419 /* Release */,
			);
			defaultConfigurationIsVisible = 0;
			defaultConfigurationName = Release;
		};
		241522A42B0F4CA3007A2419 /* Build configuration list for PBXNativeTarget "Lab3 TraverseArray" */ = {
			isa = XCConfigurationList;
			buildConfigurations = (
				241522A52B0F4CA3007A2419 /* Debug */,
				241522A62B0F4CA3007A2419 /* Release */,
			);
			defaultConfigurationIsVisible = 0;
			defaultConfigurationName = Release;
		};
		241522A72B0F4CA3007A2419 /* Build configuration list for PBXNativeTarget "Lab3 TraverseArrayTests" */ = {
			isa = XCConfigurationList;
			buildConfigurations = (
				241522A82B0F4CA3007A2419 /* Debug */,
				241522A92B0F4CA3007A2419 /* Release */,
			);
			defaultConfigurationIsVisible = 0;
			defaultConfigurationName = Release;
		};
		241522AA2B0F4CA3007A2419 /* Build configuration list for PBXNativeTarget "Lab3 TraverseArrayUITests" */ = {
			isa = XCConfigurationList;
			buildConfigurations = (
				241522AB2B0F4CA3007A2419 /* Debug */,
				241522AC2B0F4CA3007A2419 /* Release */,
			);
			defaultConfigurationIsVisible = 0;
			defaultConfigurationName = Release;
		};
/* End XCConfigurationList section */
	};
	rootObject = 241522722B0F4CA2007A2419 /* Project object */;
}
